
Microsoft Visual Studio Solution File, Format Version 12.00
# Visual Studio Version 16
VisualStudioVersion = 16.0.29102.190
MinimumVisualStudioVersion = 10.0.40219.1
Project("{FAE04EC0-301F-11D3-BF4B-00C04F79EFBC}") = "NeckBendSkin", "NeckBendSkin\NeckBendSkin.csproj", "{B7D9D9DD-1B7E-452E-A218-E924832992C7}"
EndProject
Global
	GlobalSection(SolutionConfigurationPlatforms) = preSolution
		Debug|Any CPU = Debug|Any CPU
		Release|Any CPU = Release|Any CPU
	EndGlobalSection
	GlobalSection(ProjectConfigurationPlatforms) = postSolution
		{B7D9D9DD-1B7E-452E-A218-E924832992C7}.Debug|Any CPU.ActiveCfg = Debug|Any CPU
		{B7D9D9DD-1B7E-452E-A218-E924832992C7}.Debug|Any CPU.Build.0 = Debug|Any CPU
		{B7D9D9DD-1B7E-452E-A218-E924832992C7}.Release|Any CPU.ActiveCfg = Release|Any CPU
		{B7D9D9DD-1B7E-452E-A218-E924832992C7}.Release|Any CPU.Build.0 = Release|Any CPU
	EndGlobalSection
	GlobalSection(SolutionProperties) = preSolution
		HideSolutionNode = FALSE
	EndGlobalSection
	GlobalSection(ExtensibilityGlobals) = postSolution
		SolutionGuid = {0C1E3246-079F-4EFD-8F92-879C1F7F86BA}
	EndGlobalSection
EndGlobal
